<?xml version="1.0" encoding="UTF-8" standalone="yes" ?>
<CodeBlocks_project_file>
   <FileVersion major="1" minor="6" />
   <Project>
      <Option title="lab-6" />
      <Option makefile_is_custom="1" />
      <Option compiler="gcc" />
      <Option virtualFolders="CMake Files\;CMake Files\..\;CMake Files\..\..\;CMake Files\..\..\..\;CMake Files\..\..\..\..\;CMake Files\..\..\..\..\apps\;CMake Files\..\..\..\..\apps\deal.II\;CMake Files\..\..\..\..\apps\deal.II\deal.II-dev\;CMake Files\..\..\..\..\apps\deal.II\deal.II-dev\lib\;CMake Files\..\..\..\..\apps\deal.II\deal.II-dev\lib\cmake\;CMake Files\..\..\..\..\apps\deal.II\deal.II-dev\lib\cmake\deal.II\;CMake Files\..\..\..\..\apps\deal.II\deal.II-dev\share\;CMake Files\..\..\..\..\apps\deal.II\deal.II-dev\share\deal.II\;CMake Files\..\..\..\..\apps\deal.II\deal.II-dev\share\deal.II\macros\;" />
      <Build>
      <Target title="all">
         <Option working_dir="/u/nsc/sarfarazwa/lab-6" />
         <Option type="4" />
         <MakeCommands>
            <Build command="/usr/bin/make -f &quot;/u/nsc/sarfarazwa/lab-6/Makefile&quot;  VERBOSE=1 all" />
            <CompileFile command="/usr/bin/make -f &quot;/u/nsc/sarfarazwa/lab-6/Makefile&quot;  VERBOSE=1 &quot;$file&quot;" />
            <Clean command="/usr/bin/make -f &quot;/u/nsc/sarfarazwa/lab-6/Makefile&quot;  VERBOSE=1 clean" />
            <DistClean command="/usr/bin/make -f &quot;/u/nsc/sarfarazwa/lab-6/Makefile&quot;  VERBOSE=1 clean" />
         </MakeCommands>
      </Target>
      <Target title="release">
         <Option working_dir="/u/nsc/sarfarazwa/lab-6" />
         <Option type="4" />
         <MakeCommands>
            <Build command="/usr/bin/make -f &quot;/u/nsc/sarfarazwa/lab-6/Makefile&quot;  VERBOSE=1 release" />
            <CompileFile command="/usr/bin/make -f &quot;/u/nsc/sarfarazwa/lab-6/Makefile&quot;  VERBOSE=1 &quot;$file&quot;" />
            <Clean command="/usr/bin/make -f &quot;/u/nsc/sarfarazwa/lab-6/Makefile&quot;  VERBOSE=1 clean" />
            <DistClean command="/usr/bin/make -f &quot;/u/nsc/sarfarazwa/lab-6/Makefile&quot;  VERBOSE=1 clean" />
         </MakeCommands>
      </Target>
      <Target title="run">
         <Option working_dir="/u/nsc/sarfarazwa/lab-6" />
         <Option type="4" />
         <MakeCommands>
            <Build command="/usr/bin/make -f &quot;/u/nsc/sarfarazwa/lab-6/Makefile&quot;  VERBOSE=1 run" />
            <CompileFile command="/usr/bin/make -f &quot;/u/nsc/sarfarazwa/lab-6/Makefile&quot;  VERBOSE=1 &quot;$file&quot;" />
            <Clean command="/usr/bin/make -f &quot;/u/nsc/sarfarazwa/lab-6/Makefile&quot;  VERBOSE=1 clean" />
            <DistClean command="/usr/bin/make -f &quot;/u/nsc/sarfarazwa/lab-6/Makefile&quot;  VERBOSE=1 clean" />
         </MakeCommands>
      </Target>
      <Target title="rebuild_cache">
         <Option working_dir="/u/nsc/sarfarazwa/lab-6" />
         <Option type="4" />
         <MakeCommands>
            <Build command="/usr/bin/make -f &quot;/u/nsc/sarfarazwa/lab-6/Makefile&quot;  VERBOSE=1 rebuild_cache" />
            <CompileFile command="/usr/bin/make -f &quot;/u/nsc/sarfarazwa/lab-6/Makefile&quot;  VERBOSE=1 &quot;$file&quot;" />
            <Clean command="/usr/bin/make -f &quot;/u/nsc/sarfarazwa/lab-6/Makefile&quot;  VERBOSE=1 clean" />
            <DistClean command="/usr/bin/make -f &quot;/u/nsc/sarfarazwa/lab-6/Makefile&quot;  VERBOSE=1 clean" />
         </MakeCommands>
      </Target>
      <Target title="info">
         <Option working_dir="/u/nsc/sarfarazwa/lab-6" />
         <Option type="4" />
         <MakeCommands>
            <Build command="/usr/bin/make -f &quot;/u/nsc/sarfarazwa/lab-6/Makefile&quot;  VERBOSE=1 info" />
            <CompileFile command="/usr/bin/make -f &quot;/u/nsc/sarfarazwa/lab-6/Makefile&quot;  VERBOSE=1 &quot;$file&quot;" />
            <Clean command="/usr/bin/make -f &quot;/u/nsc/sarfarazwa/lab-6/Makefile&quot;  VERBOSE=1 clean" />
            <DistClean command="/usr/bin/make -f &quot;/u/nsc/sarfarazwa/lab-6/Makefile&quot;  VERBOSE=1 clean" />
         </MakeCommands>
      </Target>
      <Target title="strip_comments">
         <Option working_dir="/u/nsc/sarfarazwa/lab-6" />
         <Option type="4" />
         <MakeCommands>
            <Build command="/usr/bin/make -f &quot;/u/nsc/sarfarazwa/lab-6/Makefile&quot;  VERBOSE=1 strip_comments" />
            <CompileFile command="/usr/bin/make -f &quot;/u/nsc/sarfarazwa/lab-6/Makefile&quot;  VERBOSE=1 &quot;$file&quot;" />
            <Clean command="/usr/bin/make -f &quot;/u/nsc/sarfarazwa/lab-6/Makefile&quot;  VERBOSE=1 clean" />
            <DistClean command="/usr/bin/make -f &quot;/u/nsc/sarfarazwa/lab-6/Makefile&quot;  VERBOSE=1 clean" />
         </MakeCommands>
      </Target>
      <Target title="edit_cache">
         <Option working_dir="/u/nsc/sarfarazwa/lab-6" />
         <Option type="4" />
         <MakeCommands>
            <Build command="/usr/bin/make -f &quot;/u/nsc/sarfarazwa/lab-6/Makefile&quot;  VERBOSE=1 edit_cache" />
            <CompileFile command="/usr/bin/make -f &quot;/u/nsc/sarfarazwa/lab-6/Makefile&quot;  VERBOSE=1 &quot;$file&quot;" />
            <Clean command="/usr/bin/make -f &quot;/u/nsc/sarfarazwa/lab-6/Makefile&quot;  VERBOSE=1 clean" />
            <DistClean command="/usr/bin/make -f &quot;/u/nsc/sarfarazwa/lab-6/Makefile&quot;  VERBOSE=1 clean" />
         </MakeCommands>
      </Target>
      <Target title="debug">
         <Option working_dir="/u/nsc/sarfarazwa/lab-6" />
         <Option type="4" />
         <MakeCommands>
            <Build command="/usr/bin/make -f &quot;/u/nsc/sarfarazwa/lab-6/Makefile&quot;  VERBOSE=1 debug" />
            <CompileFile command="/usr/bin/make -f &quot;/u/nsc/sarfarazwa/lab-6/Makefile&quot;  VERBOSE=1 &quot;$file&quot;" />
            <Clean command="/usr/bin/make -f &quot;/u/nsc/sarfarazwa/lab-6/Makefile&quot;  VERBOSE=1 clean" />
            <DistClean command="/usr/bin/make -f &quot;/u/nsc/sarfarazwa/lab-6/Makefile&quot;  VERBOSE=1 clean" />
         </MakeCommands>
      </Target>
      <Target title="lab-6">
         <Option output="/u/nsc/sarfarazwa/lab-6/lab-6" prefix_auto="0" extension_auto="0" />
         <Option working_dir="/u/nsc/sarfarazwa/lab-6" />
         <Option object_output="./" />
         <Option type="1" />
         <Option compiler="gcc" />
         <Compiler>
            <Add option="-DDEBUG" />
            <Add option="-DTBB_USE_DEBUG" />
            <Add option="-DTBB_DO_ASSERT=1" />
            <Add directory="/apps/deal.II/deal.II-dev/include" />
            <Add directory="/apps/deal.II/deal.II-dev/include/deal.II/bundled" />
         </Compiler>
         <MakeCommands>
            <Build command="/usr/bin/make -f &quot;/u/nsc/sarfarazwa/lab-6/Makefile&quot;  VERBOSE=1 lab-6" />
            <CompileFile command="/usr/bin/make -f &quot;/u/nsc/sarfarazwa/lab-6/Makefile&quot;  VERBOSE=1 &quot;$file&quot;" />
            <Clean command="/usr/bin/make -f &quot;/u/nsc/sarfarazwa/lab-6/Makefile&quot;  VERBOSE=1 clean" />
            <DistClean command="/usr/bin/make -f &quot;/u/nsc/sarfarazwa/lab-6/Makefile&quot;  VERBOSE=1 clean" />
         </MakeCommands>
      </Target>
      <Target title="lab-6/fast">
         <Option output="/u/nsc/sarfarazwa/lab-6/lab-6" prefix_auto="0" extension_auto="0" />
         <Option working_dir="/u/nsc/sarfarazwa/lab-6" />
         <Option object_output="./" />
         <Option type="1" />
         <Option compiler="gcc" />
         <Compiler>
            <Add option="-DDEBUG" />
            <Add option="-DTBB_USE_DEBUG" />
            <Add option="-DTBB_DO_ASSERT=1" />
            <Add directory="/apps/deal.II/deal.II-dev/include" />
            <Add directory="/apps/deal.II/deal.II-dev/include/deal.II/bundled" />
         </Compiler>
         <MakeCommands>
            <Build command="/usr/bin/make -f &quot;/u/nsc/sarfarazwa/lab-6/Makefile&quot;  VERBOSE=1 lab-6/fast" />
            <CompileFile command="/usr/bin/make -f &quot;/u/nsc/sarfarazwa/lab-6/Makefile&quot;  VERBOSE=1 &quot;$file&quot;" />
            <Clean command="/usr/bin/make -f &quot;/u/nsc/sarfarazwa/lab-6/Makefile&quot;  VERBOSE=1 clean" />
            <DistClean command="/usr/bin/make -f &quot;/u/nsc/sarfarazwa/lab-6/Makefile&quot;  VERBOSE=1 clean" />
         </MakeCommands>
      </Target>
      <Target title="distclean">
         <Option working_dir="/u/nsc/sarfarazwa/lab-6" />
         <Option type="4" />
         <MakeCommands>
            <Build command="/usr/bin/make -f &quot;/u/nsc/sarfarazwa/lab-6/Makefile&quot;  VERBOSE=1 distclean" />
            <CompileFile command="/usr/bin/make -f &quot;/u/nsc/sarfarazwa/lab-6/Makefile&quot;  VERBOSE=1 &quot;$file&quot;" />
            <Clean command="/usr/bin/make -f &quot;/u/nsc/sarfarazwa/lab-6/Makefile&quot;  VERBOSE=1 clean" />
            <DistClean command="/usr/bin/make -f &quot;/u/nsc/sarfarazwa/lab-6/Makefile&quot;  VERBOSE=1 clean" />
         </MakeCommands>
      </Target>
      <Target title="runclean">
         <Option working_dir="/u/nsc/sarfarazwa/lab-6" />
         <Option type="4" />
         <MakeCommands>
            <Build command="/usr/bin/make -f &quot;/u/nsc/sarfarazwa/lab-6/Makefile&quot;  VERBOSE=1 runclean" />
            <CompileFile command="/usr/bin/make -f &quot;/u/nsc/sarfarazwa/lab-6/Makefile&quot;  VERBOSE=1 &quot;$file&quot;" />
            <Clean command="/usr/bin/make -f &quot;/u/nsc/sarfarazwa/lab-6/Makefile&quot;  VERBOSE=1 clean" />
            <DistClean command="/usr/bin/make -f &quot;/u/nsc/sarfarazwa/lab-6/Makefile&quot;  VERBOSE=1 clean" />
         </MakeCommands>
      </Target>
      </Build>
      <Unit filename="/u/nsc/sarfarazwa/lab-6/lab-6.cc">
         <Option target="lab-6"/>
      </Unit>
      <Unit filename="/u/nsc/sarfarazwa/lab-6/CMakeLists.txt">
          <Option virtualFolder="CMake Files\" />
      </Unit>
      <Unit filename="/u/nsc/sarfarazwa/lab-6/../../../../apps/deal.II/deal.II-dev/lib/cmake/deal.II/deal.IIConfigVersion.cmake">
          <Option virtualFolder="CMake Files\..\..\..\..\apps\deal.II\deal.II-dev\lib\cmake\deal.II\" />
      </Unit>
      <Unit filename="/u/nsc/sarfarazwa/lab-6/../../../../apps/deal.II/deal.II-dev/lib/cmake/deal.II/deal.IIConfig.cmake">
          <Option virtualFolder="CMake Files\..\..\..\..\apps\deal.II\deal.II-dev\lib\cmake\deal.II\" />
      </Unit>
      <Unit filename="/u/nsc/sarfarazwa/lab-6/../../../../apps/deal.II/deal.II-dev/lib/cmake/deal.II/deal.IITargets.cmake">
          <Option virtualFolder="CMake Files\..\..\..\..\apps\deal.II\deal.II-dev\lib\cmake\deal.II\" />
      </Unit>
      <Unit filename="/u/nsc/sarfarazwa/lab-6/../../../../apps/deal.II/deal.II-dev/lib/cmake/deal.II/deal.IITargets-debugrelease.cmake">
          <Option virtualFolder="CMake Files\..\..\..\..\apps\deal.II\deal.II-dev\lib\cmake\deal.II\" />
      </Unit>
      <Unit filename="/u/nsc/sarfarazwa/lab-6/../../../../apps/deal.II/deal.II-dev/share/deal.II/macros/macro_deal_ii_initialize_cached_variables.cmake">
          <Option virtualFolder="CMake Files\..\..\..\..\apps\deal.II\deal.II-dev\share\deal.II\macros\" />
      </Unit>
      <Unit filename="/u/nsc/sarfarazwa/lab-6/../../../../apps/deal.II/deal.II-dev/share/deal.II/macros/macro_deal_ii_setup_target.cmake">
          <Option virtualFolder="CMake Files\..\..\..\..\apps\deal.II\deal.II-dev\share\deal.II\macros\" />
      </Unit>
      <Unit filename="/u/nsc/sarfarazwa/lab-6/../../../../apps/deal.II/deal.II-dev/share/deal.II/macros/macro_deal_ii_query_git_information.cmake">
          <Option virtualFolder="CMake Files\..\..\..\..\apps\deal.II\deal.II-dev\share\deal.II\macros\" />
      </Unit>
      <Unit filename="/u/nsc/sarfarazwa/lab-6/../../../../apps/deal.II/deal.II-dev/share/deal.II/macros/macro_deal_ii_add_test.cmake">
          <Option virtualFolder="CMake Files\..\..\..\..\apps\deal.II\deal.II-dev\share\deal.II\macros\" />
      </Unit>
      <Unit filename="/u/nsc/sarfarazwa/lab-6/../../../../apps/deal.II/deal.II-dev/share/deal.II/macros/macro_deal_ii_pickup_tests.cmake">
          <Option virtualFolder="CMake Files\..\..\..\..\apps\deal.II\deal.II-dev\share\deal.II\macros\" />
      </Unit>
      <Unit filename="/u/nsc/sarfarazwa/lab-6/../../../../apps/deal.II/deal.II-dev/share/deal.II/macros/macro_deal_ii_invoke_autopilot.cmake">
          <Option virtualFolder="CMake Files\..\..\..\..\apps\deal.II\deal.II-dev\share\deal.II\macros\" />
      </Unit>
   </Project>
</CodeBlocks_project_file>
